{
  "lockfileVersion": 1,
  "configVersion": 1,
  "workspaces": {
    "": {
      "name": "mthree",
      "dependencies": {
        "dotenv": "^17.4.2",
      },
    },
  },
  "packages": {
    "dotenv": ["dotenv@17.4.2", "", {}, "sha512-nI4U3TottKAcAD9LLud4Cb7b2QztQMUEfHbvhTH09bqXTxnSie8WnjPALV/WMCrJZ6UV/qHJ6L03OqO3LcdYZw=="],
  }
}
